
Microsoft Visual Studio Solution File, Format Version 12.00
# Visual Studio Version 16
VisualStudioVersion = 16.0.29201.188
MinimumVisualStudioVersion = 10.0.40219.1
Project("{FAE04EC0-301F-11D3-BF4B-00C04F79EFBC}") = "OpenGL_CSharp", "OpenGL_CSharp\OpenGL_CSharp.csproj", "{EDBC507F-DECD-412A-8AD0-094F5BB3EFFC}"
EndProject
Project("{FAE04EC0-301F-11D3-BF4B-00C04F79EFBC}") = "OpenGL_Wpf", "OpenGL_Wpf\OpenGL_Wpf.csproj", "{5573EF25-B24E-442E-BE0B-36FEEFA0E387}"
EndProject
Global
	GlobalSection(SolutionConfigurationPlatforms) = preSolution
		Debug|Any CPU = Debug|Any CPU
		Debug|x64 = Debug|x64
		Debug|x86 = Debug|x86
		Release|Any CPU = Release|Any CPU
		Release|x64 = Release|x64
		Release|x86 = Release|x86
	EndGlobalSection
	GlobalSection(ProjectConfigurationPlatforms) = postSolution
		{EDBC507F-DECD-412A-8AD0-094F5BB3EFFC}.Debug|Any CPU.ActiveCfg = Debug|Any CPU
		{EDBC507F-DECD-412A-8AD0-094F5BB3EFFC}.Debug|Any CPU.Build.0 = Debug|Any CPU
		{EDBC507F-DECD-412A-8AD0-094F5BB3EFFC}.Debug|x64.ActiveCfg = Debug|Any CPU
		{EDBC507F-DECD-412A-8AD0-094F5BB3EFFC}.Debug|x64.Build.0 = Debug|Any CPU
		{EDBC507F-DECD-412A-8AD0-094F5BB3EFFC}.Debug|x86.ActiveCfg = Debug|Any CPU
		{EDBC507F-DECD-412A-8AD0-094F5BB3EFFC}.Debug|x86.Build.0 = Debug|Any CPU
		{EDBC507F-DECD-412A-8AD0-094F5BB3EFFC}.Release|Any CPU.ActiveCfg = Release|Any CPU
		{EDBC507F-DECD-412A-8AD0-094F5BB3EFFC}.Release|Any CPU.Build.0 = Release|Any CPU
		{EDBC507F-DECD-412A-8AD0-094F5BB3EFFC}.Release|x64.ActiveCfg = Release|Any CPU
		{EDBC507F-DECD-412A-8AD0-094F5BB3EFFC}.Release|x64.Build.0 = Release|Any CPU
		{EDBC507F-DECD-412A-8AD0-094F5BB3EFFC}.Release|x86.ActiveCfg = Release|Any CPU
		{EDBC507F-DECD-412A-8AD0-094F5BB3EFFC}.Release|x86.Build.0 = Release|Any CPU
		{5573EF25-B24E-442E-BE0B-36FEEFA0E387}.Debug|Any CPU.ActiveCfg = Debug|Any CPU
		{5573EF25-B24E-442E-BE0B-36FEEFA0E387}.Debug|Any CPU.Build.0 = Debug|Any CPU
		{5573EF25-B24E-442E-BE0B-36FEEFA0E387}.Debug|x64.ActiveCfg = Debug|Any CPU
		{5573EF25-B24E-442E-BE0B-36FEEFA0E387}.Debug|x64.Build.0 = Debug|Any CPU
		{5573EF25-B24E-442E-BE0B-36FEEFA0E387}.Debug|x86.ActiveCfg = Debug|Any CPU
		{5573EF25-B24E-442E-BE0B-36FEEFA0E387}.Debug|x86.Build.0 = Debug|Any CPU
		{5573EF25-B24E-442E-BE0B-36FEEFA0E387}.Release|Any CPU.ActiveCfg = Release|Any CPU
		{5573EF25-B24E-442E-BE0B-36FEEFA0E387}.Release|Any CPU.Build.0 = Release|Any CPU
		{5573EF25-B24E-442E-BE0B-36FEEFA0E387}.Release|x64.ActiveCfg = Release|Any CPU
		{5573EF25-B24E-442E-BE0B-36FEEFA0E387}.Release|x64.Build.0 = Release|Any CPU
		{5573EF25-B24E-442E-BE0B-36FEEFA0E387}.Release|x86.ActiveCfg = Release|Any CPU
		{5573EF25-B24E-442E-BE0B-36FEEFA0E387}.Release|x86.Build.0 = Release|Any CPU
	EndGlobalSection
	GlobalSection(SolutionProperties) = preSolution
		HideSolutionNode = FALSE
	EndGlobalSection
	GlobalSection(ExtensibilityGlobals) = postSolution
		SolutionGuid = {080DD2F9-982C-4E44-9EA3-D6C6593DC232}
	EndGlobalSection
EndGlobal
