
Microsoft Visual Studio Solution File, Format Version 12.00
# Visual Studio Version 16
VisualStudioVersion = 16.0.30523.141
MinimumVisualStudioVersion = 10.0.40219.1
Project("{FAE04EC0-301F-11D3-BF4B-00C04F79EFBC}") = "Simple_Engine", "Simple_Engine.csproj", "{660B6DE5-27A3-45F9-9CC1-65FC302CE3D6}"
EndProject
Project("{FAE04EC0-301F-11D3-BF4B-00C04F79EFBC}") = "Shared_Library", "..\..\Shared_Library\Shared_Library\Shared_Library.csproj", "{299BC186-D87E-4BC3-BCCE-62B1F631FEB9}"
EndProject
Global
	GlobalSection(SolutionConfigurationPlatforms) = preSolution
		Android|Any CPU = Android|Any CPU
		Android|x64 = Android|x64
		Android|x86 = Android|x86
		DConsole|Any CPU = DConsole|Any CPU
		DConsole|x64 = DConsole|x64
		DConsole|x86 = DConsole|x86
		Debug|Any CPU = Debug|Any CPU
		Debug|x64 = Debug|x64
		Debug|x86 = Debug|x86
		DWindows|Any CPU = DWindows|Any CPU
		DWindows|x64 = DWindows|x64
		DWindows|x86 = DWindows|x86
		RConsol|Any CPU = RConsol|Any CPU
		RConsol|x64 = RConsol|x64
		RConsol|x86 = RConsol|x86
		RConsole|Any CPU = RConsole|Any CPU
		RConsole|x64 = RConsole|x64
		RConsole|x86 = RConsole|x86
		Release|Any CPU = Release|Any CPU
		Release|x64 = Release|x64
		Release|x86 = Release|x86
		RWindows|Any CPU = RWindows|Any CPU
		RWindows|x64 = RWindows|x64
		RWindows|x86 = RWindows|x86
	EndGlobalSection
	GlobalSection(ProjectConfigurationPlatforms) = postSolution
		{660B6DE5-27A3-45F9-9CC1-65FC302CE3D6}.Android|Any CPU.ActiveCfg = Debug|Any CPU
		{660B6DE5-27A3-45F9-9CC1-65FC302CE3D6}.Android|Any CPU.Build.0 = Debug|Any CPU
		{660B6DE5-27A3-45F9-9CC1-65FC302CE3D6}.Android|x64.ActiveCfg = Debug|Any CPU
		{660B6DE5-27A3-45F9-9CC1-65FC302CE3D6}.Android|x64.Build.0 = Debug|Any CPU
		{660B6DE5-27A3-45F9-9CC1-65FC302CE3D6}.Android|x86.ActiveCfg = Debug|Any CPU
		{660B6DE5-27A3-45F9-9CC1-65FC302CE3D6}.Android|x86.Build.0 = Debug|Any CPU
		{660B6DE5-27A3-45F9-9CC1-65FC302CE3D6}.DConsole|Any CPU.ActiveCfg = Debug|Any CPU
		{660B6DE5-27A3-45F9-9CC1-65FC302CE3D6}.DConsole|Any CPU.Build.0 = Debug|Any CPU
		{660B6DE5-27A3-45F9-9CC1-65FC302CE3D6}.DConsole|x64.ActiveCfg = Debug|Any CPU
		{660B6DE5-27A3-45F9-9CC1-65FC302CE3D6}.DConsole|x64.Build.0 = Debug|Any CPU
		{660B6DE5-27A3-45F9-9CC1-65FC302CE3D6}.DConsole|x86.ActiveCfg = Debug|Any CPU
		{660B6DE5-27A3-45F9-9CC1-65FC302CE3D6}.DConsole|x86.Build.0 = Debug|Any CPU
		{660B6DE5-27A3-45F9-9CC1-65FC302CE3D6}.Debug|Any CPU.ActiveCfg = Debug|Any CPU
		{660B6DE5-27A3-45F9-9CC1-65FC302CE3D6}.Debug|Any CPU.Build.0 = Debug|Any CPU
		{660B6DE5-27A3-45F9-9CC1-65FC302CE3D6}.Debug|x64.ActiveCfg = Debug|Any CPU
		{660B6DE5-27A3-45F9-9CC1-65FC302CE3D6}.Debug|x64.Build.0 = Debug|Any CPU
		{660B6DE5-27A3-45F9-9CC1-65FC302CE3D6}.Debug|x86.ActiveCfg = Debug|Any CPU
		{660B6DE5-27A3-45F9-9CC1-65FC302CE3D6}.Debug|x86.Build.0 = Debug|Any CPU
		{660B6DE5-27A3-45F9-9CC1-65FC302CE3D6}.DWindows|Any CPU.ActiveCfg = Debug|Any CPU
		{660B6DE5-27A3-45F9-9CC1-65FC302CE3D6}.DWindows|Any CPU.Build.0 = Debug|Any CPU
		{660B6DE5-27A3-45F9-9CC1-65FC302CE3D6}.DWindows|x64.ActiveCfg = Debug|Any CPU
		{660B6DE5-27A3-45F9-9CC1-65FC302CE3D6}.DWindows|x64.Build.0 = Debug|Any CPU
		{660B6DE5-27A3-45F9-9CC1-65FC302CE3D6}.DWindows|x86.ActiveCfg = Debug|Any CPU
		{660B6DE5-27A3-45F9-9CC1-65FC302CE3D6}.DWindows|x86.Build.0 = Debug|Any CPU
		{660B6DE5-27A3-45F9-9CC1-65FC302CE3D6}.RConsol|Any CPU.ActiveCfg = Release|Any CPU
		{660B6DE5-27A3-45F9-9CC1-65FC302CE3D6}.RConsol|Any CPU.Build.0 = Release|Any CPU
		{660B6DE5-27A3-45F9-9CC1-65FC302CE3D6}.RConsol|x64.ActiveCfg = Release|Any CPU
		{660B6DE5-27A3-45F9-9CC1-65FC302CE3D6}.RConsol|x64.Build.0 = Release|Any CPU
		{660B6DE5-27A3-45F9-9CC1-65FC302CE3D6}.RConsol|x86.ActiveCfg = Release|Any CPU
		{660B6DE5-27A3-45F9-9CC1-65FC302CE3D6}.RConsol|x86.Build.0 = Release|Any CPU
		{660B6DE5-27A3-45F9-9CC1-65FC302CE3D6}.RConsole|Any CPU.ActiveCfg = Release|Any CPU
		{660B6DE5-27A3-45F9-9CC1-65FC302CE3D6}.RConsole|Any CPU.Build.0 = Release|Any CPU
		{660B6DE5-27A3-45F9-9CC1-65FC302CE3D6}.RConsole|x64.ActiveCfg = Release|Any CPU
		{660B6DE5-27A3-45F9-9CC1-65FC302CE3D6}.RConsole|x64.Build.0 = Release|Any CPU
		{660B6DE5-27A3-45F9-9CC1-65FC302CE3D6}.RConsole|x86.ActiveCfg = Release|Any CPU
		{660B6DE5-27A3-45F9-9CC1-65FC302CE3D6}.RConsole|x86.Build.0 = Release|Any CPU
		{660B6DE5-27A3-45F9-9CC1-65FC302CE3D6}.Release|Any CPU.ActiveCfg = Release|Any CPU
		{660B6DE5-27A3-45F9-9CC1-65FC302CE3D6}.Release|Any CPU.Build.0 = Release|Any CPU
		{660B6DE5-27A3-45F9-9CC1-65FC302CE3D6}.Release|x64.ActiveCfg = Release|Any CPU
		{660B6DE5-27A3-45F9-9CC1-65FC302CE3D6}.Release|x64.Build.0 = Release|Any CPU
		{660B6DE5-27A3-45F9-9CC1-65FC302CE3D6}.Release|x86.ActiveCfg = Release|Any CPU
		{660B6DE5-27A3-45F9-9CC1-65FC302CE3D6}.Release|x86.Build.0 = Release|Any CPU
		{660B6DE5-27A3-45F9-9CC1-65FC302CE3D6}.RWindows|Any CPU.ActiveCfg = Release|Any CPU
		{660B6DE5-27A3-45F9-9CC1-65FC302CE3D6}.RWindows|Any CPU.Build.0 = Release|Any CPU
		{660B6DE5-27A3-45F9-9CC1-65FC302CE3D6}.RWindows|x64.ActiveCfg = Release|Any CPU
		{660B6DE5-27A3-45F9-9CC1-65FC302CE3D6}.RWindows|x64.Build.0 = Release|Any CPU
		{660B6DE5-27A3-45F9-9CC1-65FC302CE3D6}.RWindows|x86.ActiveCfg = Release|Any CPU
		{660B6DE5-27A3-45F9-9CC1-65FC302CE3D6}.RWindows|x86.Build.0 = Release|Any CPU
		{299BC186-D87E-4BC3-BCCE-62B1F631FEB9}.Android|Any CPU.ActiveCfg = Android|Any CPU
		{299BC186-D87E-4BC3-BCCE-62B1F631FEB9}.Android|Any CPU.Build.0 = Android|Any CPU
		{299BC186-D87E-4BC3-BCCE-62B1F631FEB9}.Android|x64.ActiveCfg = Android|x64
		{299BC186-D87E-4BC3-BCCE-62B1F631FEB9}.Android|x64.Build.0 = Android|x64
		{299BC186-D87E-4BC3-BCCE-62B1F631FEB9}.Android|x86.ActiveCfg = Android|x86
		{299BC186-D87E-4BC3-BCCE-62B1F631FEB9}.Android|x86.Build.0 = Android|x86
		{299BC186-D87E-4BC3-BCCE-62B1F631FEB9}.DConsole|Any CPU.ActiveCfg = DConsole|Any CPU
		{299BC186-D87E-4BC3-BCCE-62B1F631FEB9}.DConsole|Any CPU.Build.0 = DConsole|Any CPU
		{299BC186-D87E-4BC3-BCCE-62B1F631FEB9}.DConsole|x64.ActiveCfg = DConsole|x64
		{299BC186-D87E-4BC3-BCCE-62B1F631FEB9}.DConsole|x64.Build.0 = DConsole|x64
		{299BC186-D87E-4BC3-BCCE-62B1F631FEB9}.DConsole|x86.ActiveCfg = DConsole|x86
		{299BC186-D87E-4BC3-BCCE-62B1F631FEB9}.DConsole|x86.Build.0 = DConsole|x86
		{299BC186-D87E-4BC3-BCCE-62B1F631FEB9}.Debug|Any CPU.ActiveCfg = DWindows|Any CPU
		{299BC186-D87E-4BC3-BCCE-62B1F631FEB9}.Debug|Any CPU.Build.0 = DWindows|Any CPU
		{299BC186-D87E-4BC3-BCCE-62B1F631FEB9}.Debug|x64.ActiveCfg = DWindows|x64
		{299BC186-D87E-4BC3-BCCE-62B1F631FEB9}.Debug|x64.Build.0 = DWindows|x64
		{299BC186-D87E-4BC3-BCCE-62B1F631FEB9}.Debug|x86.ActiveCfg = DWindows|x86
		{299BC186-D87E-4BC3-BCCE-62B1F631FEB9}.Debug|x86.Build.0 = DWindows|x86
		{299BC186-D87E-4BC3-BCCE-62B1F631FEB9}.DWindows|Any CPU.ActiveCfg = DWindows|Any CPU
		{299BC186-D87E-4BC3-BCCE-62B1F631FEB9}.DWindows|Any CPU.Build.0 = DWindows|Any CPU
		{299BC186-D87E-4BC3-BCCE-62B1F631FEB9}.DWindows|x64.ActiveCfg = DWindows|x64
		{299BC186-D87E-4BC3-BCCE-62B1F631FEB9}.DWindows|x64.Build.0 = DWindows|x64
		{299BC186-D87E-4BC3-BCCE-62B1F631FEB9}.DWindows|x86.ActiveCfg = DWindows|x86
		{299BC186-D87E-4BC3-BCCE-62B1F631FEB9}.DWindows|x86.Build.0 = DWindows|x86
		{299BC186-D87E-4BC3-BCCE-62B1F631FEB9}.RConsol|Any CPU.ActiveCfg = RConsol|Any CPU
		{299BC186-D87E-4BC3-BCCE-62B1F631FEB9}.RConsol|Any CPU.Build.0 = RConsol|Any CPU
		{299BC186-D87E-4BC3-BCCE-62B1F631FEB9}.RConsol|x64.ActiveCfg = RConsol|x64
		{299BC186-D87E-4BC3-BCCE-62B1F631FEB9}.RConsol|x64.Build.0 = RConsol|x64
		{299BC186-D87E-4BC3-BCCE-62B1F631FEB9}.RConsol|x86.ActiveCfg = RConsol|x86
		{299BC186-D87E-4BC3-BCCE-62B1F631FEB9}.RConsol|x86.Build.0 = RConsol|x86
		{299BC186-D87E-4BC3-BCCE-62B1F631FEB9}.RConsole|Any CPU.ActiveCfg = RConsole|Any CPU
		{299BC186-D87E-4BC3-BCCE-62B1F631FEB9}.RConsole|Any CPU.Build.0 = RConsole|Any CPU
		{299BC186-D87E-4BC3-BCCE-62B1F631FEB9}.RConsole|x64.ActiveCfg = RConsole|x64
		{299BC186-D87E-4BC3-BCCE-62B1F631FEB9}.RConsole|x64.Build.0 = RConsole|x64
		{299BC186-D87E-4BC3-BCCE-62B1F631FEB9}.RConsole|x86.ActiveCfg = RConsole|x86
		{299BC186-D87E-4BC3-BCCE-62B1F631FEB9}.RConsole|x86.Build.0 = RConsole|x86
		{299BC186-D87E-4BC3-BCCE-62B1F631FEB9}.Release|Any CPU.ActiveCfg = RWindows|Any CPU
		{299BC186-D87E-4BC3-BCCE-62B1F631FEB9}.Release|Any CPU.Build.0 = RWindows|Any CPU
		{299BC186-D87E-4BC3-BCCE-62B1F631FEB9}.Release|x64.ActiveCfg = RWindows|x64
		{299BC186-D87E-4BC3-BCCE-62B1F631FEB9}.Release|x64.Build.0 = RWindows|x64
		{299BC186-D87E-4BC3-BCCE-62B1F631FEB9}.Release|x86.ActiveCfg = RWindows|x86
		{299BC186-D87E-4BC3-BCCE-62B1F631FEB9}.Release|x86.Build.0 = RWindows|x86
		{299BC186-D87E-4BC3-BCCE-62B1F631FEB9}.RWindows|Any CPU.ActiveCfg = RWindows|Any CPU
		{299BC186-D87E-4BC3-BCCE-62B1F631FEB9}.RWindows|Any CPU.Build.0 = RWindows|Any CPU
		{299BC186-D87E-4BC3-BCCE-62B1F631FEB9}.RWindows|x64.ActiveCfg = RWindows|x64
		{299BC186-D87E-4BC3-BCCE-62B1F631FEB9}.RWindows|x64.Build.0 = RWindows|x64
		{299BC186-D87E-4BC3-BCCE-62B1F631FEB9}.RWindows|x86.ActiveCfg = RWindows|x86
		{299BC186-D87E-4BC3-BCCE-62B1F631FEB9}.RWindows|x86.Build.0 = RWindows|x86
	EndGlobalSection
	GlobalSection(SolutionProperties) = preSolution
		HideSolutionNode = FALSE
	EndGlobalSection
	GlobalSection(ExtensibilityGlobals) = postSolution
		SolutionGuid = {24C32252-0C56-4A35-87C4-649763A8EEC7}
	EndGlobalSection
EndGlobal
